// !$*UTF8*$!
{
	archiveVersion = 1;
	classes = {
	};
	objectVersion = 46;
	objects = {

/* Begin PBXBuildFile section */
		061635161DD38B4F00EBC29E /* AppDelegate.swift in Sources */ = {isa = PBXBuildFile; fileRef = 061635151DD38B4F00EBC29E /* AppDelegate.swift */; };
		061635181DD38B4F00EBC29E /* ViewController.swift in Sources */ = {isa = PBXBuildFile; fileRef = 061635171DD38B4F00EBC29E /* ViewController.swift */; };
		0616351B1DD38B4F00EBC29E /* Main.storyboard in Resources */ = {isa = PBXBuildFile; fileRef = 061635191DD38B4F00EBC29E /* Main.storyboard */; };
		0616351D1DD38B4F00EBC29E /* Assets.xcassets in Resources */ = {isa = PBXBuildFile; fileRef = 0616351C1DD38B4F00EBC29E /* Assets.xcassets */; };
		061635201DD38B4F00EBC29E /* LaunchScreen.storyboard in Resources */ = {isa = PBXBuildFile; fileRef = 0616351E1DD38B4F00EBC29E /* LaunchScreen.storyboard */; };
		0616352B1DD38B5000EBC29E /* Reimburse_Final_PojectTests.swift in Sources */ = {isa = PBXBuildFile; fileRef = 0616352A1DD38B5000EBC29E /* Reimburse_Final_PojectTests.swift */; };
		061635361DD38B5000EBC29E /* Reimburse_Final_PojectUITests.swift in Sources */ = {isa = PBXBuildFile; fileRef = 061635351DD38B5000EBC29E /* Reimburse_Final_PojectUITests.swift */; };
		061635441DD38D4B00EBC29E /* 28888697320_1f517f3ee9_k.jpg in Resources */ = {isa = PBXBuildFile; fileRef = 061635431DD38D4B00EBC29E /* 28888697320_1f517f3ee9_k.jpg */; };
		061635471DD393F800EBC29E /* divider.png in Resources */ = {isa = PBXBuildFile; fileRef = 061635461DD393F800EBC29E /* divider.png */; };
		061635491DD396A400EBC29E /* title.jpg in Resources */ = {isa = PBXBuildFile; fileRef = 061635481DD396A400EBC29E /* title.jpg */; };
/* End PBXBuildFile section */

/* Begin PBXContainerItemProxy section */
		061635271DD38B4F00EBC29E /* PBXContainerItemProxy */ = {
			isa = PBXContainerItemProxy;
			containerPortal = 0616350A1DD38B4F00EBC29E /* Project object */;
			proxyType = 1;
			remoteGlobalIDString = 061635111DD38B4F00EBC29E;
			remoteInfo = "Reimburse Final Poject";
		};
		061635321DD38B5000EBC29E /* PBXContainerItemProxy */ = {
			isa = PBXContainerItemProxy;
			containerPortal = 0616350A1DD38B4F00EBC29E /* Project object */;
			proxyType = 1;
			remoteGlobalIDString = 061635111DD38B4F00EBC29E;
			remoteInfo = "Reimburse Final Poject";
		};
/* End PBXContainerItemProxy section */

/* Begin PBXFileReference section */
		061635121DD38B4F00EBC29E /* Reimburse Final Poject.app */ = {isa = PBXFileReference; explicitFileType = wrapper.application; includeInIndex = 0; path = "Reimburse Final Poject.app"; sourceTree = BUILT_PRODUCTS_DIR; };
		061635151DD38B4F00EBC29E /* AppDelegate.swift */ = {isa = PBXFileReference; lastKnownFileType = sourcecode.swift; path = AppDelegate.swift; sourceTree = "<group>"; };
		061635171DD38B4F00EBC29E /* ViewController.swift */ = {isa = PBXFileReference; lastKnownFileType = sourcecode.swift; path = ViewController.swift; sourceTree = "<group>"; };
		0616351A1DD38B4F00EBC29E /* Base */ = {isa = PBXFileReference; lastKnownFileType = file.storyboard; name = Base; path = Base.lproj/Main.storyboard; sourceTree = "<group>"; };
		0616351C1DD38B4F00EBC29E /* Assets.xcassets */ = {isa = PBXFileReference; lastKnownFileType = folder.assetcatalog; path = Assets.xcassets; sourceTree = "<group>"; };
		0616351F1DD38B4F00EBC29E /* Base */ = {isa = PBXFileReference; lastKnownFileType = file.storyboard; name = Base; path = Base.lproj/LaunchScreen.storyboard; sourceTree = "<group>"; };
		061635211DD38B4F00EBC29E /* Info.plist */ = {isa = PBXFileReference; lastKnownFileType = text.plist.xml; path = Info.plist; sourceTree = "<group>"; };
		061635261DD38B4F00EBC29E /* Reimburse Final PojectTests.xctest */ = {isa = PBXFileReference; explicitFileType = wrapper.cfbundle; includeInIndex = 0; path = "Reimburse Final PojectTests.xctest"; sourceTree = BUILT_PRODUCTS_DIR; };
		0616352A1DD38B5000EBC29E /* Reimburse_Final_PojectTests.swift */ = {isa = PBXFileReference; lastKnownFileType = sourcecode.swift; path = Reimburse_Final_PojectTests.swift; sourceTree = "<group>"; };
		0616352C1DD38B5000EBC29E /* Info.plist */ = {isa = PBXFileReference; lastKnownFileType = text.plist.xml; path = Info.plist; sourceTree = "<group>"; };
		061635311DD38B5000EBC29E /* Reimburse Final PojectUITests.xctest */ = {isa = PBXFileReference; explicitFileType = wrapper.cfbundle; includeInIndex = 0; path = "Reimburse Final PojectUITests.xctest"; sourceTree = BUILT_PRODUCTS_DIR; };
		061635351DD38B5000EBC29E /* Reimburse_Final_PojectUITests.swift */ = {isa = PBXFileReference; lastKnownFileType = sourcecode.swift; path = Reimburse_Final_PojectUITests.swift; sourceTree = "<group>"; };
		061635371DD38B5000EBC29E /* Info.plist */ = {isa = PBXFileReference; lastKnownFileType = text.plist.xml; path = Info.plist; sourceTree = "<group>"; };
		061635431DD38D4B00EBC29E /* 28888697320_1f517f3ee9_k.jpg */ = {isa = PBXFileReference; lastKnownFileType = image.jpeg; name = 28888697320_1f517f3ee9_k.jpg; path = "Reimburse Final Poject/28888697320_1f517f3ee9_k.jpg"; sourceTree = "<group>"; };
		061635461DD393F800EBC29E /* divider.png */ = {isa = PBXFileReference; lastKnownFileType = image.png; name = divider.png; path = "Reimburse Final Poject/divider.png"; sourceTree = "<group>"; };
		061635481DD396A400EBC29E /* title.jpg */ = {isa = PBXFileReference; lastKnownFileType = image.jpeg; name = title.jpg; path = "Reimburse Final Poject/title.jpg"; sourceTree = "<group>"; };
/* End PBXFileReference section */

/* Begin PBXFrameworksBuildPhase section */
		0616350F1DD38B4F00EBC29E /* Frameworks */ = {
			isa = PBXFrameworksBuildPhase;
			buildActionMask = 2147483647;
			files = (
			);
			runOnlyForDeploymentPostprocessing = 0;
		};
		061635231DD38B4F00EBC29E /* Frameworks */ = {
			isa = PBXFrameworksBuildPhase;
			buildActionMask = 2147483647;
			files = (
			);
			runOnlyForDeploymentPostprocessing = 0;
		};
		0616352E1DD38B5000EBC29E /* Frameworks */ = {
			isa = PBXFrameworksBuildPhase;
			buildActionMask = 2147483647;
			files = (
			);
			runOnlyForDeploymentPostprocessing = 0;
		};
/* End PBXFrameworksBuildPhase section */

/* Begin PBXGroup section */
		061635091DD38B4F00EBC29E = {
			isa = PBXGroup;
			children = (
				061635451DD38E9000EBC29E /* Images */,
				061635141DD38B4F00EBC29E /* Reimburse Final Poject */,
				061635291DD38B4F00EBC29E /* Reimburse Final PojectTests */,
				061635341DD38B5000EBC29E /* Reimburse Final PojectUITests */,
				061635131DD38B4F00EBC29E /* Products */,
			);
			sourceTree = "<group>";
		};
		061635131DD38B4F00EBC29E /* Products */ = {
			isa = PBXGroup;
			children = (
				061635121DD38B4F00EBC29E /* Reimburse Final Poject.app */,
				061635261DD38B4F00EBC29E /* Reimburse Final PojectTests.xctest */,
				061635311DD38B5000EBC29E /* Reimburse Final PojectUITests.xctest */,
			);
			name = Products;
			sourceTree = "<group>";
		};
		061635141DD38B4F00EBC29E /* Reimburse Final Poject */ = {
			isa = PBXGroup;
			children = (
				061635151DD38B4F00EBC29E /* AppDelegate.swift */,
				061635171DD38B4F00EBC29E /* ViewController.swift */,
				061635191DD38B4F00EBC29E /* Main.storyboard */,
				0616351C1DD38B4F00EBC29E /* Assets.xcassets */,
				0616351E1DD38B4F00EBC29E /* LaunchScreen.storyboard */,
				061635211DD38B4F00EBC29E /* Info.plist */,
			);
			path = "Reimburse Final Poject";
			sourceTree = "<group>";
		};
		061635291DD38B4F00EBC29E /* Reimburse Final PojectTests */ = {
			isa = PBXGroup;
			children = (
				0616352A1DD38B5000EBC29E /* Reimburse_Final_PojectTests.swift */,
				0616352C1DD38B5000EBC29E /* Info.plist */,
			);
			path = "Reimburse Final PojectTests";
			sourceTree = "<group>";
		};
		061635341DD38B5000EBC29E /* Reimburse Final PojectUITests */ = {
			isa = PBXGroup;
			children = (
				061635351DD38B5000EBC29E /* Reimburse_Final_PojectUITests.swift */,
				061635371DD38B5000EBC29E /* Info.plist */,
			);
			path = "Reimburse Final PojectUITests";
			sourceTree = "<group>";
		};
		061635451DD38E9000EBC29E /* Images */ = {
			isa = PBXGroup;
			children = (
				061635481DD396A400EBC29E /* title.jpg */,
				061635461DD393F800EBC29E /* divider.png */,
				061635431DD38D4B00EBC29E /* 28888697320_1f517f3ee9_k.jpg */,
			);
			name = Images;
			sourceTree = "<group>";
		};
/* End PBXGroup section */

/* Begin PBXNativeTarget section */
		061635111DD38B4F00EBC29E /* Reimburse Final Poject */ = {
			isa = PBXNativeTarget;
			buildConfigurationList = 0616353A1DD38B5000EBC29E /* Build configuration list for PBXNativeTarget "Reimburse Final Poject" */;
			buildPhases = (
				0616350E1DD38B4F00EBC29E /* Sources */,
				0616350F1DD38B4F00EBC29E /* Frameworks */,
				061635101DD38B4F00EBC29E /* Resources */,
			);
			buildRules = (
			);
			dependencies = (
			);
			name = "Reimburse Final Poject";
			productName = "Reimburse Final Poject";
			productReference = 061635121DD38B4F00EBC29E /* Reimburse Final Poject.app */;
			productType = "com.apple.product-type.application";
		};
		061635251DD38B4F00EBC29E /* Reimburse Final PojectTests */ = {
			isa = PBXNativeTarget;
			buildConfigurationList = 0616353D1DD38B5000EBC29E /* Build configuration list for PBXNativeTarget "Reimburse Final PojectTests" */;
			buildPhases = (
				061635221DD38B4F00EBC29E /* Sources */,
				061635231DD38B4F00EBC29E /* Frameworks */,
				061635241DD38B4F00EBC29E /* Resources */,
			);
			buildRules = (
			);
			dependencies = (
				061635281DD38B4F00EBC29E /* PBXTargetDependency */,
			);
			name = "Reimburse Final PojectTests";
			productName = "Reimburse Final PojectTests";
			productReference = 061635261DD38B4F00EBC29E /* Reimburse Final PojectTests.xctest */;
			productType = "com.apple.product-type.bundle.unit-test";
		};
		061635301DD38B5000EBC29E /* Reimburse Final PojectUITests */ = {
			isa = PBXNativeTarget;
			buildConfigurationList = 061635401DD38B5000EBC29E /* Build configuration list for PBXNativeTarget "Reimburse Final PojectUITests" */;
			buildPhases = (
				0616352D1DD38B5000EBC29E /* Sources */,
				0616352E1DD38B5000EBC29E /* Frameworks */,
				0616352F1DD38B5000EBC29E /* Resources */,
			);
			buildRules = (
			);
			dependencies = (
				061635331DD38B5000EBC29E /* PBXTargetDependency */,
			);
			name = "Reimburse Final PojectUITests";
			productName = "Reimburse Final PojectUITests";
			productReference = 061635311DD38B5000EBC29E /* Reimburse Final PojectUITests.xctest */;
			productType = "com.apple.product-type.bundle.ui-testing";
		};
/* End PBXNativeTarget section */

/* Begin PBXProject section */
		0616350A1DD38B4F00EBC29E /* Project object */ = {
			isa = PBXProject;
			attributes = {
				LastSwiftUpdateCheck = 0720;
				LastUpgradeCheck = 0810;
				ORGANIZATIONNAME = "Sina Siddiqi";
				TargetAttributes = {
					061635111DD38B4F00EBC29E = {
						CreatedOnToolsVersion = 7.2;
						LastSwiftMigration = 0810;
					};
					061635251DD38B4F00EBC29E = {
						CreatedOnToolsVersion = 7.2;
						LastSwiftMigration = 0810;
						TestTargetID = 061635111DD38B4F00EBC29E;
					};
					061635301DD38B5000EBC29E = {
						CreatedOnToolsVersion = 7.2;
						LastSwiftMigration = 0810;
						TestTargetID = 061635111DD38B4F00EBC29E;
					};
				};
			};
			buildConfigurationList = 0616350D1DD38B4F00EBC29E /* Build configuration list for PBXProject "Reimburse Final Poject" */;
			compatibilityVersion = "Xcode 3.2";
			developmentRegion = English;
			hasScannedForEncodings = 0;
			knownRegions = (
				en,
				Base,
			);
			mainGroup = 061635091DD38B4F00EBC29E;
			productRefGroup = 061635131DD38B4F00EBC29E /* Products */;
			projectDirPath = "";
			projectRoot = "";
			targets = (
				061635111DD38B4F00EBC29E /* Reimburse Final Poject */,
				061635251DD38B4F00EBC29E /* Reimburse Final PojectTests */,
				061635301DD38B5000EBC29E /* Reimburse Final PojectUITests */,
			);
		};
/* End PBXProject section */

/* Begin PBXResourcesBuildPhase section */
		061635101DD38B4F00EBC29E /* Resources */ = {
			isa = PBXResourcesBuildPhase;
			buildActionMask = 2147483647;
			files = (
				061635201DD38B4F00EBC29E /* LaunchScreen.storyboard in Resources */,
				061635441DD38D4B00EBC29E /* 28888697320_1f517f3ee9_k.jpg in Resources */,
				061635491DD396A400EBC29E /* title.jpg in Resources */,
				0616351D1DD38B4F00EBC29E /* Assets.xcassets in Resources */,
				061635471DD393F800EBC29E /* divider.png in Resources */,
				0616351B1DD38B4F00EBC29E /* Main.storyboard in Resources */,
			);
			runOnlyForDeploymentPostprocessing = 0;
		};
		061635241DD38B4F00EBC29E /* Resources */ = {
			isa = PBXResourcesBuildPhase;
			buildActionMask = 2147483647;
			files = (
			);
			runOnlyForDeploymentPostprocessing = 0;
		};
		0616352F1DD38B5000EBC29E /* Resources */ = {
			isa = PBXResourcesBuildPhase;
			buildActionMask = 2147483647;
			files = (
			);
			runOnlyForDeploymentPostprocessing = 0;
		};
/* End PBXResourcesBuildPhase section */

/* Begin PBXSourcesBuildPhase section */
		0616350E1DD38B4F00EBC29E /* Sources */ = {
			isa = PBXSourcesBuildPhase;
			buildActionMask = 2147483647;
			files = (
				061635181DD38B4F00EBC29E /* ViewController.swift in Sources */,
				061635161DD38B4F00EBC29E /* AppDelegate.swift in Sources */,
			);
			runOnlyForDeploymentPostprocessing = 0;
		};
		061635221DD38B4F00EBC29E /* Sources */ = {
			isa = PBXSourcesBuildPhase;
			buildActionMask = 2147483647;
			files = (
				0616352B1DD38B5000EBC29E /* Reimburse_Final_PojectTests.swift in Sources */,
			);
			runOnlyForDeploymentPostprocessing = 0;
		};
		0616352D1DD38B5000EBC29E /* Sources */ = {
			isa = PBXSourcesBuildPhase;
			buildActionMask = 2147483647;
			files = (
				061635361DD38B5000EBC29E /* Reimburse_Final_PojectUITests.swift in Sources */,
			);
			runOnlyForDeploymentPostprocessing = 0;
		};
/* End PBXSourcesBuildPhase section */

/* Begin PBXTargetDependency section */
		061635281DD38B4F00EBC29E /* PBXTargetDependency */ = {
			isa = PBXTargetDependency;
			target = 061635111DD38B4F00EBC29E /* Reimburse Final Poject */;
			targetProxy = 061635271DD38B4F00EBC29E /* PBXContainerItemProxy */;
		};
		061635331DD38B5000EBC29E /* PBXTargetDependency */ = {
			isa = PBXTargetDependency;
			target = 061635111DD38B4F00EBC29E /* Reimburse Final Poject */;
			targetProxy = 061635321DD38B5000EBC29E /* PBXContainerItemProxy */;
		};
/* End PBXTargetDependency section */

/* Begin PBXVariantGroup section */
		061635191DD38B4F00EBC29E /* Main.storyboard */ = {
			isa = PBXVariantGroup;
			children = (
				0616351A1DD38B4F00EBC29E /* Base */,
			);
			name = Main.storyboard;
			sourceTree = "<group>";
		};
		0616351E1DD38B4F00EBC29E /* LaunchScreen.storyboard */ = {
			isa = PBXVariantGroup;
			children = (
				0616351F1DD38B4F00EBC29E /* Base */,
			);
			name = LaunchScreen.storyboard;
			sourceTree = "<group>";
		};
/* End PBXVariantGroup section */

/* Begin XCBuildConfiguration section */
		061635381DD38B5000EBC29E /* Debug */ = {
			isa = XCBuildConfiguration;
			buildSettings = {
				ALWAYS_SEARCH_USER_PATHS = NO;
				CLANG_CXX_LANGUAGE_STANDARD = "gnu++0x";
				CLANG_CXX_LIBRARY = "libc++";
				CLANG_ENABLE_MODULES = YES;
				CLANG_ENABLE_OBJC_ARC = YES;
				CLANG_WARN_BOOL_CONVERSION = YES;
				CLANG_WARN_CONSTANT_CONVERSION = YES;
				CLANG_WARN_DIRECT_OBJC_ISA_USAGE = YES_ERROR;
				CLANG_WARN_EMPTY_BODY = YES;
				CLANG_WARN_ENUM_CONVERSION = YES;
				CLANG_WARN_INFINITE_RECURSION = YES;
				CLANG_WARN_INT_CONVERSION = YES;
				CLANG_WARN_OBJC_ROOT_CLASS = YES_ERROR;
				CLANG_WARN_SUSPICIOUS_MOVE = YES;
				CLANG_WARN_UNREACHABLE_CODE = YES;
				CLANG_WARN__DUPLICATE_METHOD_MATCH = YES;
				"CODE_SIGN_IDENTITY[sdk=iphoneos*]" = "iPhone Developer";
				COPY_PHASE_STRIP = NO;
				DEBUG_INFORMATION_FORMAT = dwarf;
				ENABLE_STRICT_OBJC_MSGSEND = YES;
				ENABLE_TESTABILITY = YES;
				GCC_C_LANGUAGE_STANDARD = gnu99;
				GCC_DYNAMIC_NO_PIC = NO;
				GCC_NO_COMMON_BLOCKS = YES;
				GCC_OPTIMIZATION_LEVEL = 0;
				GCC_PREPROCESSOR_DEFINITIONS = (
					"DEBUG=1",
					"$(inherited)",
				);
				GCC_WARN_64_TO_32_BIT_CONVERSION = YES;
				GCC_WARN_ABOUT_RETURN_TYPE = YES_ERROR;
				GCC_WARN_UNDECLARED_SELECTOR = YES;
				GCC_WARN_UNINITIALIZED_AUTOS = YES_AGGRESSIVE;
				GCC_WARN_UNUSED_FUNCTION = YES;
				GCC_WARN_UNUSED_VARIABLE = YES;
				IPHONEOS_DEPLOYMENT_TARGET = 9.2;
				MTL_ENABLE_DEBUG_INFO = YES;
				ONLY_ACTIVE_ARCH = YES;
				SDKROOT = iphoneos;
				SWIFT_OPTIMIZATION_LEVEL = "-Onone";
				TARGETED_DEVICE_FAMILY = "1,2";
			};
			name = Debug;
		};
		061635391DD38B5000EBC29E /* Release */ = {
			isa = XCBuildConfiguration;
			buildSettings = {
				ALWAYS_SEARCH_USER_PATHS = NO;
				CLANG_CXX_LANGUAGE_STANDARD = "gnu++0x";
				CLANG_CXX_LIBRARY = "libc++";
				CLANG_ENABLE_MODULES = YES;
				CLANG_ENABLE_OBJC_ARC = YES;
				CLANG_WARN_BOOL_CONVERSION = YES;
				CLANG_WARN_CONSTANT_CONVERSION = YES;
				CLANG_WARN_DIRECT_OBJC_ISA_USAGE = YES_ERROR;
				CLANG_WARN_EMPTY_BODY = YES;
				CLANG_WARN_ENUM_CONVERSION = YES;
				CLANG_WARN_INFINITE_RECURSION = YES;
				CLANG_WARN_INT_CONVERSION = YES;
				CLANG_WARN_OBJC_ROOT_CLASS = YES_ERROR;
				CLANG_WARN_SUSPICIOUS_MOVE = YES;
				CLANG_WARN_UNREACHABLE_CODE = YES;
				CLANG_WARN__DUPLICATE_METHOD_MATCH = YES;
				"CODE_SIGN_IDENTITY[sdk=iphoneos*]" = "iPhone Developer";
				COPY_PHASE_STRIP = NO;
				DEBUG_INFORMATION_FORMAT = "dwarf-with-dsym";
				ENABLE_NS_ASSERTIONS = NO;
				ENABLE_STRICT_OBJC_MSGSEND = YES;
				GCC_C_LANGUAGE_STANDARD = gnu99;
				GCC_NO_COMMON_BLOCKS = YES;
				GCC_WARN_64_TO_32_BIT_CONVERSION = YES;
				GCC_WARN_ABOUT_RETURN_TYPE = YES_ERROR;
				GCC_WARN_UNDECLARED_SELECTOR = YES;
				GCC_WARN_UNINITIALIZED_AUTOS = YES_AGGRESSIVE;
				GCC_WARN_UNUSED_FUNCTION = YES;
				GCC_WARN_UNUSED_VARIABLE = YES;
				IPHONEOS_DEPLOYMENT_TARGET = 9.2;
				MTL_ENABLE_DEBUG_INFO = NO;
				SDKROOT = iphoneos;
				SWIFT_OPTIMIZATION_LEVEL = "-Owholemodule";
				TARGETED_DEVICE_FAMILY = "1,2";
				VALIDATE_PRODUCT = YES;
			};
			name = Release;
		};
		0616353B1DD38B5000EBC29E /* Debug */ = {
			isa = XCBuildConfiguration;
			buildSettings = {
				ASSETCATALOG_COMPILER_APPICON_NAME = AppIcon;
				INFOPLIST_FILE = "Reimburse Final Poject/Info.plist";
				LD_RUNPATH_SEARCH_PATHS = "$(inherited) @executable_path/Frameworks";
				PRODUCT_BUNDLE_IDENTIFIER = "sinas.Reimburse-Final-Poject";
				PRODUCT_NAME = "$(TARGET_NAME)";
				SWIFT_VERSION = 3.0;
			};
			name = Debug;
		};
		0616353C1DD38B5000EBC29E /* Release */ = {
			isa = XCBuildConfiguration;
			buildSettings = {
				ASSETCATALOG_COMPILER_APPICON_NAME = AppIcon;
				INFOPLIST_FILE = "Reimburse Final Poject/Info.plist";
				LD_RUNPATH_SEARCH_PATHS = "$(inherited) @executable_path/Frameworks";
				PRODUCT_BUNDLE_IDENTIFIER = "sinas.Reimburse-Final-Poject";
				PRODUCT_NAME = "$(TARGET_NAME)";
				SWIFT_VERSION = 3.0;
			};
			name = Release;
		};
		0616353E1DD38B5000EBC29E /* Debug */ = {
			isa = XCBuildConfiguration;
			buildSettings = {
				BUNDLE_LOADER = "$(TEST_HOST)";
				INFOPLIST_FILE = "Reimburse Final PojectTests/Info.plist";
				LD_RUNPATH_SEARCH_PATHS = "$(inherited) @executable_path/Frameworks @loader_path/Frameworks";
				PRODUCT_BUNDLE_IDENTIFIER = "sinas.Reimburse-Final-PojectTests";
				PRODUCT_NAME = "$(TARGET_NAME)";
				SWIFT_VERSION = 3.0;
				TEST_HOST = "$(BUILT_PRODUCTS_DIR)/Reimburse Final Poject.app/Reimburse Final Poject";
			};
			name = Debug;
		};
		0616353F1DD38B5000EBC29E /* Release */ = {
			isa = XCBuildConfiguration;
			buildSettings = {
				BUNDLE_LOADER = "$(TEST_HOST)";
				INFOPLIST_FILE = "Reimburse Final PojectTests/Info.plist";
				LD_RUNPATH_SEARCH_PATHS = "$(inherited) @executable_path/Frameworks @loader_path/Frameworks";
				PRODUCT_BUNDLE_IDENTIFIER = "sinas.Reimburse-Final-PojectTests";
				PRODUCT_NAME = "$(TARGET_NAME)";
				SWIFT_VERSION = 3.0;
				TEST_HOST = "$(BUILT_PRODUCTS_DIR)/Reimburse Final Poject.app/Reimburse Final Poject";
			};
			name = Release;
		};
		061635411DD38B5000EBC29E /* Debug */ = {
			isa = XCBuildConfiguration;
			buildSettings = {
				INFOPLIST_FILE = "Reimburse Final PojectUITests/Info.plist";
				LD_RUNPATH_SEARCH_PATHS = "$(inherited) @executable_path/Frameworks @loader_path/Frameworks";
				PRODUCT_BUNDLE_IDENTIFIER = "sinas.Reimburse-Final-PojectUITests";
				PRODUCT_NAME = "$(TARGET_NAME)";
				SWIFT_VERSION = 3.0;
				TEST_TARGET_NAME = "Reimburse Final Poject";
				USES_XCTRUNNER = YES;
			};
			name = Debug;
		};
		061635421DD38B5000EBC29E /* Release */ = {
			isa = XCBuildConfiguration;
			buildSettings = {
				INFOPLIST_FILE = "Reimburse Final PojectUITests/Info.plist";
				LD_RUNPATH_SEARCH_PATHS = "$(inherited) @executable_path/Frameworks @loader_path/Frameworks";
				PRODUCT_BUNDLE_IDENTIFIER = "sinas.Reimburse-Final-PojectUITests";
				PRODUCT_NAME = "$(TARGET_NAME)";
				SWIFT_VERSION = 3.0;
				TEST_TARGET_NAME = "Reimburse Final Poject";
				USES_XCTRUNNER = YES;
			};
			name = Release;
		};
/* End XCBuildConfiguration section */

/* Begin XCConfigurationList section */
		0616350D1DD38B4F00EBC29E /* Build configuration list for PBXProject "Reimburse Final Poject" */ = {
			isa = XCConfigurationList;
			buildConfigurations = (
				061635381DD38B5000EBC29E /* Debug */,
				061635391DD38B5000EBC29E /* Release */,
			);
			defaultConfigurationIsVisible = 0;
			defaultConfigurationName = Release;
		};
		0616353A1DD38B5000EBC29E /* Build configuration list for PBXNativeTarget "Reimburse Final Poject" */ = {
			isa = XCConfigurationList;
			buildConfigurations = (
				0616353B1DD38B5000EBC29E /* Debug */,
				0616353C1DD38B5000EBC29E /* Release */,
			);
			defaultConfigurationIsVisible = 0;
			defaultConfigurationName = Release;
		};
		0616353D1DD38B5000EBC29E /* Build configuration list for PBXNativeTarget "Reimburse Final PojectTests" */ = {
			isa = XCConfigurationList;
			buildConfigurations = (
				0616353E1DD38B5000EBC29E /* Debug */,
				0616353F1DD38B5000EBC29E /* Release */,
			);
			defaultConfigurationIsVisible = 0;
			defaultConfigurationName = Release;
		};
		061635401DD38B5000EBC29E /* Build configuration list for PBXNativeTarget "Reimburse Final PojectUITests" */ = {
			isa = XCConfigurationList;
			buildConfigurations = (
				061635411DD38B5000EBC29E /* Debug */,
				061635421DD38B5000EBC29E /* Release */,
			);
			defaultConfigurationIsVisible = 0;
			defaultConfigurationName = Release;
		};
/* End XCConfigurationList section */
	};
	rootObject = 0616350A1DD38B4F00EBC29E /* Project object */;
}
