// !$*UTF8*$!
{
	archiveVersion = 1;
	classes = {
	};
	objectVersion = 47;
	objects = {

/* Begin PBXBuildFile section */
		061635161DD38B4F00EBC29E /* AppDelegate.swift in Sources */ = {isa = PBXBuildFile; fileRef = 061635151DD38B4F00EBC29E /* AppDelegate.swift */; };
		061635181DD38B4F00EBC29E /* ViewController.swift in Sources */ = {isa = PBXBuildFile; fileRef = 061635171DD38B4F00EBC29E /* ViewController.swift */; };
		0616351D1DD38B4F00EBC29E /* Assets.xcassets in Resources */ = {isa = PBXBuildFile; fileRef = 0616351C1DD38B4F00EBC29E /* Assets.xcassets */; };
		061635201DD38B4F00EBC29E /* LaunchScreen.storyboard in Resources */ = {isa = PBXBuildFile; fileRef = 0616351E1DD38B4F00EBC29E /* LaunchScreen.storyboard */; };
		0616352B1DD38B5000EBC29E /* Reimburse_Final_ProjectTests.swift in Sources */ = {isa = PBXBuildFile; fileRef = 0616352A1DD38B5000EBC29E /* Reimburse_Final_ProjectTests.swift */; };
		061635361DD38B5000EBC29E /* Reimburse_Final_ProjectUITests.swift in Sources */ = {isa = PBXBuildFile; fileRef = 061635351DD38B5000EBC29E /* Reimburse_Final_ProjectUITests.swift */; };
		061635441DD38D4B00EBC29E /* 28888697320_1f517f3ee9_k.jpg in Resources */ = {isa = PBXBuildFile; fileRef = 061635431DD38D4B00EBC29E /* 28888697320_1f517f3ee9_k.jpg */; };
		061635471DD393F800EBC29E /* divider.png in Resources */ = {isa = PBXBuildFile; fileRef = 061635461DD393F800EBC29E /* divider.png */; };
		061635491DD396A400EBC29E /* title.jpg in Resources */ = {isa = PBXBuildFile; fileRef = 061635481DD396A400EBC29E /* title.jpg */; };
		173E1BA68F6155466C7C7724 /* Pods_Reimburse_Final_ProjectUITests.framework in Frameworks */ = {isa = PBXBuildFile; fileRef = 1341593BACF86E1BBA37F316 /* Pods_Reimburse_Final_ProjectUITests.framework */; };
		2BF9D4186FD95E36289C6F4A /* Pods_Reimburse_Final_Project.framework in Frameworks */ = {isa = PBXBuildFile; fileRef = C39D4ECF1BAFF0645E7C1F20 /* Pods_Reimburse_Final_Project.framework */; };
		87F12F54B124335F11E95811 /* Pods_Reimburse_Final_ProjectTests.framework in Frameworks */ = {isa = PBXBuildFile; fileRef = 45C11258CCA47678C094119D /* Pods_Reimburse_Final_ProjectTests.framework */; };
		929D6D6A1DE3899E007A285F /* RequestFormViewController.swift in Sources */ = {isa = PBXBuildFile; fileRef = 929D6D691DE3899E007A285F /* RequestFormViewController.swift */; };
		92E285BD1DD8BFA500B87D0B /* RequestTableViewController.swift in Sources */ = {isa = PBXBuildFile; fileRef = 92E285BC1DD8BFA500B87D0B /* RequestTableViewController.swift */; };
		92E285BF1DD8BFF400B87D0B /* RequestTableViewCell.swift in Sources */ = {isa = PBXBuildFile; fileRef = 92E285BE1DD8BFF400B87D0B /* RequestTableViewCell.swift */; };
		92E285C11DD8C67300B87D0B /* Request.swift in Sources */ = {isa = PBXBuildFile; fileRef = 92E285C01DD8C67300B87D0B /* Request.swift */; };
		92E285C51DD8EAA000B87D0B /* User.swift in Sources */ = {isa = PBXBuildFile; fileRef = 92E285C41DD8EAA000B87D0B /* User.swift */; };
		92E285C71DD8FBB600B87D0B /* SampleRequests.swift in Sources */ = {isa = PBXBuildFile; fileRef = 92E285C61DD8FBB600B87D0B /* SampleRequests.swift */; };
		92EB4C3A1DF46ECB00F0BA29 /* Main.storyboard in Resources */ = {isa = PBXBuildFile; fileRef = 92EB4C391DF46ECB00F0BA29 /* Main.storyboard */; };
/* End PBXBuildFile section */

/* Begin PBXContainerItemProxy section */
		061635271DD38B4F00EBC29E /* PBXContainerItemProxy */ = {
			isa = PBXContainerItemProxy;
			containerPortal = 0616350A1DD38B4F00EBC29E /* Project object */;
			proxyType = 1;
			remoteGlobalIDString = 061635111DD38B4F00EBC29E;
			remoteInfo = "Reimburse Final Poject";
		};
		061635321DD38B5000EBC29E /* PBXContainerItemProxy */ = {
			isa = PBXContainerItemProxy;
			containerPortal = 0616350A1DD38B4F00EBC29E /* Project object */;
			proxyType = 1;
			remoteGlobalIDString = 061635111DD38B4F00EBC29E;
			remoteInfo = "Reimburse Final Poject";
		};
/* End PBXContainerItemProxy section */

/* Begin PBXFileReference section */
		061635121DD38B4F00EBC29E /* Reimburse Final Project.app */ = {isa = PBXFileReference; explicitFileType = wrapper.application; includeInIndex = 0; path = "Reimburse Final Project.app"; sourceTree = BUILT_PRODUCTS_DIR; };
		061635151DD38B4F00EBC29E /* AppDelegate.swift */ = {isa = PBXFileReference; lastKnownFileType = sourcecode.swift; path = AppDelegate.swift; sourceTree = "<group>"; };
		061635171DD38B4F00EBC29E /* ViewController.swift */ = {isa = PBXFileReference; lastKnownFileType = sourcecode.swift; path = ViewController.swift; sourceTree = "<group>"; };
		0616351C1DD38B4F00EBC29E /* Assets.xcassets */ = {isa = PBXFileReference; lastKnownFileType = folder.assetcatalog; path = Assets.xcassets; sourceTree = "<group>"; };
		0616351F1DD38B4F00EBC29E /* Base */ = {isa = PBXFileReference; lastKnownFileType = file.storyboard; name = Base; path = Base.lproj/LaunchScreen.storyboard; sourceTree = "<group>"; };
		061635211DD38B4F00EBC29E /* Info.plist */ = {isa = PBXFileReference; lastKnownFileType = text.plist.xml; path = Info.plist; sourceTree = "<group>"; };
		061635261DD38B4F00EBC29E /* Reimburse Final ProjectTests.xctest */ = {isa = PBXFileReference; explicitFileType = wrapper.cfbundle; includeInIndex = 0; path = "Reimburse Final ProjectTests.xctest"; sourceTree = BUILT_PRODUCTS_DIR; };
		0616352A1DD38B5000EBC29E /* Reimburse_Final_ProjectTests.swift */ = {isa = PBXFileReference; lastKnownFileType = sourcecode.swift; path = Reimburse_Final_ProjectTests.swift; sourceTree = "<group>"; };
		0616352C1DD38B5000EBC29E /* Info.plist */ = {isa = PBXFileReference; lastKnownFileType = text.plist.xml; path = Info.plist; sourceTree = "<group>"; };
		061635311DD38B5000EBC29E /* Reimburse Final ProjectUITests.xctest */ = {isa = PBXFileReference; explicitFileType = wrapper.cfbundle; includeInIndex = 0; path = "Reimburse Final ProjectUITests.xctest"; sourceTree = BUILT_PRODUCTS_DIR; };
		061635351DD38B5000EBC29E /* Reimburse_Final_ProjectUITests.swift */ = {isa = PBXFileReference; lastKnownFileType = sourcecode.swift; path = Reimburse_Final_ProjectUITests.swift; sourceTree = "<group>"; };
		061635371DD38B5000EBC29E /* Info.plist */ = {isa = PBXFileReference; lastKnownFileType = text.plist.xml; path = Info.plist; sourceTree = "<group>"; };
		061635431DD38D4B00EBC29E /* 28888697320_1f517f3ee9_k.jpg */ = {isa = PBXFileReference; lastKnownFileType = image.jpeg; name = 28888697320_1f517f3ee9_k.jpg; path = "Reimburse Final Poject/28888697320_1f517f3ee9_k.jpg"; sourceTree = "<group>"; };
		061635461DD393F800EBC29E /* divider.png */ = {isa = PBXFileReference; lastKnownFileType = image.png; name = divider.png; path = "Reimburse Final Poject/divider.png"; sourceTree = "<group>"; };
		061635481DD396A400EBC29E /* title.jpg */ = {isa = PBXFileReference; lastKnownFileType = image.jpeg; name = title.jpg; path = "Reimburse Final Poject/title.jpg"; sourceTree = "<group>"; };
		1341593BACF86E1BBA37F316 /* Pods_Reimburse_Final_ProjectUITests.framework */ = {isa = PBXFileReference; explicitFileType = wrapper.framework; includeInIndex = 0; path = Pods_Reimburse_Final_ProjectUITests.framework; sourceTree = BUILT_PRODUCTS_DIR; };
		427EB2DE086961A9B05FB12E /* Pods-Reimburse Final ProjectUITests.debug.xcconfig */ = {isa = PBXFileReference; includeInIndex = 1; lastKnownFileType = text.xcconfig; name = "Pods-Reimburse Final ProjectUITests.debug.xcconfig"; path = "Pods/Target Support Files/Pods-Reimburse Final ProjectUITests/Pods-Reimburse Final ProjectUITests.debug.xcconfig"; sourceTree = "<group>"; };
		45C11258CCA47678C094119D /* Pods_Reimburse_Final_ProjectTests.framework */ = {isa = PBXFileReference; explicitFileType = wrapper.framework; includeInIndex = 0; path = Pods_Reimburse_Final_ProjectTests.framework; sourceTree = BUILT_PRODUCTS_DIR; };
		59EAE49F870E965C2112AE5F /* Pods-Reimburse Final ProjectTests.release.xcconfig */ = {isa = PBXFileReference; includeInIndex = 1; lastKnownFileType = text.xcconfig; name = "Pods-Reimburse Final ProjectTests.release.xcconfig"; path = "Pods/Target Support Files/Pods-Reimburse Final ProjectTests/Pods-Reimburse Final ProjectTests.release.xcconfig"; sourceTree = "<group>"; };
		929D6D691DE3899E007A285F /* RequestFormViewController.swift */ = {isa = PBXFileReference; fileEncoding = 4; lastKnownFileType = sourcecode.swift; path = RequestFormViewController.swift; sourceTree = "<group>"; };
		92E285BC1DD8BFA500B87D0B /* RequestTableViewController.swift */ = {isa = PBXFileReference; fileEncoding = 4; lastKnownFileType = sourcecode.swift; path = RequestTableViewController.swift; sourceTree = "<group>"; };
		92E285BE1DD8BFF400B87D0B /* RequestTableViewCell.swift */ = {isa = PBXFileReference; fileEncoding = 4; lastKnownFileType = sourcecode.swift; path = RequestTableViewCell.swift; sourceTree = "<group>"; };
		92E285C01DD8C67300B87D0B /* Request.swift */ = {isa = PBXFileReference; fileEncoding = 4; lastKnownFileType = sourcecode.swift; path = Request.swift; sourceTree = "<group>"; };
		92E285C41DD8EAA000B87D0B /* User.swift */ = {isa = PBXFileReference; fileEncoding = 4; lastKnownFileType = sourcecode.swift; path = User.swift; sourceTree = "<group>"; };
		92E285C61DD8FBB600B87D0B /* SampleRequests.swift */ = {isa = PBXFileReference; fileEncoding = 4; lastKnownFileType = sourcecode.swift; path = SampleRequests.swift; sourceTree = "<group>"; };
		92EB4C351DF29BED00F0BA29 /* XCTest.framework */ = {isa = PBXFileReference; lastKnownFileType = wrapper.framework; name = XCTest.framework; path = Platforms/iPhoneOS.platform/Developer/Library/Frameworks/XCTest.framework; sourceTree = DEVELOPER_DIR; };
		92EB4C391DF46ECB00F0BA29 /* Main.storyboard */ = {isa = PBXFileReference; fileEncoding = 4; lastKnownFileType = file.storyboard; path = Main.storyboard; sourceTree = "<group>"; };
		A2DCE8AB1FCBEC90F31FDD48 /* Pods-Reimburse Final ProjectUITests.release.xcconfig */ = {isa = PBXFileReference; includeInIndex = 1; lastKnownFileType = text.xcconfig; name = "Pods-Reimburse Final ProjectUITests.release.xcconfig"; path = "Pods/Target Support Files/Pods-Reimburse Final ProjectUITests/Pods-Reimburse Final ProjectUITests.release.xcconfig"; sourceTree = "<group>"; };
		A9081F70CACE0C9AD0667FE7 /* Pods-Reimburse Final Project.release.xcconfig */ = {isa = PBXFileReference; includeInIndex = 1; lastKnownFileType = text.xcconfig; name = "Pods-Reimburse Final Project.release.xcconfig"; path = "Pods/Target Support Files/Pods-Reimburse Final Project/Pods-Reimburse Final Project.release.xcconfig"; sourceTree = "<group>"; };
		AD093912B97E76D5F903C8B9 /* Pods-Reimburse Final Project.debug.xcconfig */ = {isa = PBXFileReference; includeInIndex = 1; lastKnownFileType = text.xcconfig; name = "Pods-Reimburse Final Project.debug.xcconfig"; path = "Pods/Target Support Files/Pods-Reimburse Final Project/Pods-Reimburse Final Project.debug.xcconfig"; sourceTree = "<group>"; };
		C39D4ECF1BAFF0645E7C1F20 /* Pods_Reimburse_Final_Project.framework */ = {isa = PBXFileReference; explicitFileType = wrapper.framework; includeInIndex = 0; path = Pods_Reimburse_Final_Project.framework; sourceTree = BUILT_PRODUCTS_DIR; };
		FEC3C72AEA3A375863B8B56B /* Pods-Reimburse Final ProjectTests.debug.xcconfig */ = {isa = PBXFileReference; includeInIndex = 1; lastKnownFileType = text.xcconfig; name = "Pods-Reimburse Final ProjectTests.debug.xcconfig"; path = "Pods/Target Support Files/Pods-Reimburse Final ProjectTests/Pods-Reimburse Final ProjectTests.debug.xcconfig"; sourceTree = "<group>"; };
/* End PBXFileReference section */

/* Begin PBXFrameworksBuildPhase section */
		0616350F1DD38B4F00EBC29E /* Frameworks */ = {
			isa = PBXFrameworksBuildPhase;
			buildActionMask = 2147483647;
			files = (
				2BF9D4186FD95E36289C6F4A /* Pods_Reimburse_Final_Project.framework in Frameworks */,
			);
			runOnlyForDeploymentPostprocessing = 0;
		};
		061635231DD38B4F00EBC29E /* Frameworks */ = {
			isa = PBXFrameworksBuildPhase;
			buildActionMask = 2147483647;
			files = (
				87F12F54B124335F11E95811 /* Pods_Reimburse_Final_ProjectTests.framework in Frameworks */,
			);
			runOnlyForDeploymentPostprocessing = 0;
		};
		0616352E1DD38B5000EBC29E /* Frameworks */ = {
			isa = PBXFrameworksBuildPhase;
			buildActionMask = 2147483647;
			files = (
				173E1BA68F6155466C7C7724 /* Pods_Reimburse_Final_ProjectUITests.framework in Frameworks */,
			);
			runOnlyForDeploymentPostprocessing = 0;
		};
/* End PBXFrameworksBuildPhase section */

/* Begin PBXGroup section */
		061635091DD38B4F00EBC29E = {
			isa = PBXGroup;
			children = (
				061635451DD38E9000EBC29E /* Images */,
				061635141DD38B4F00EBC29E /* Reimburse Final Project */,
				061635291DD38B4F00EBC29E /* Reimburse Final ProjectTests */,
				061635341DD38B5000EBC29E /* Reimburse Final ProjectUITests */,
				061635131DD38B4F00EBC29E /* Products */,
				8173ADFCC034424897530183 /* Frameworks */,
				B9DD8A8891539CB54CC8587F /* Pods */,
			);
			sourceTree = "<group>";
		};
		061635131DD38B4F00EBC29E /* Products */ = {
			isa = PBXGroup;
			children = (
				061635121DD38B4F00EBC29E /* Reimburse Final Project.app */,
				061635261DD38B4F00EBC29E /* Reimburse Final ProjectTests.xctest */,
				061635311DD38B5000EBC29E /* Reimburse Final ProjectUITests.xctest */,
			);
			name = Products;
			sourceTree = "<group>";
		};
		061635141DD38B4F00EBC29E /* Reimburse Final Project */ = {
			isa = PBXGroup;
			children = (
				92EB4C391DF46ECB00F0BA29 /* Main.storyboard */,
				061635151DD38B4F00EBC29E /* AppDelegate.swift */,
				92E285C31DD8C6CE00B87D0B /* View Controllers */,
				92E285C21DD8C6B000B87D0B /* Models */,
				926E514F1DEB793000DAEDE2 /* View Models */,
				0616351C1DD38B4F00EBC29E /* Assets.xcassets */,
				0616351E1DD38B4F00EBC29E /* LaunchScreen.storyboard */,
				061635211DD38B4F00EBC29E /* Info.plist */,
			);
			name = "Reimburse Final Project";
			path = "Reimburse Final Poject";
			sourceTree = "<group>";
		};
		061635291DD38B4F00EBC29E /* Reimburse Final ProjectTests */ = {
			isa = PBXGroup;
			children = (
				0616352A1DD38B5000EBC29E /* Reimburse_Final_ProjectTests.swift */,
				0616352C1DD38B5000EBC29E /* Info.plist */,
			);
			name = "Reimburse Final ProjectTests";
			path = "Reimburse Final PojectTests";
			sourceTree = "<group>";
		};
		061635341DD38B5000EBC29E /* Reimburse Final ProjectUITests */ = {
			isa = PBXGroup;
			children = (
				061635351DD38B5000EBC29E /* Reimburse_Final_ProjectUITests.swift */,
				061635371DD38B5000EBC29E /* Info.plist */,
			);
			name = "Reimburse Final ProjectUITests";
			path = "Reimburse Final PojectUITests";
			sourceTree = "<group>";
		};
		061635451DD38E9000EBC29E /* Images */ = {
			isa = PBXGroup;
			children = (
				061635481DD396A400EBC29E /* title.jpg */,
				061635461DD393F800EBC29E /* divider.png */,
				061635431DD38D4B00EBC29E /* 28888697320_1f517f3ee9_k.jpg */,
			);
			name = Images;
			sourceTree = "<group>";
		};
		8173ADFCC034424897530183 /* Frameworks */ = {
			isa = PBXGroup;
			children = (
				92EB4C351DF29BED00F0BA29 /* XCTest.framework */,
				C39D4ECF1BAFF0645E7C1F20 /* Pods_Reimburse_Final_Project.framework */,
				45C11258CCA47678C094119D /* Pods_Reimburse_Final_ProjectTests.framework */,
				1341593BACF86E1BBA37F316 /* Pods_Reimburse_Final_ProjectUITests.framework */,
			);
			name = Frameworks;
			sourceTree = "<group>";
		};
		926E514F1DEB793000DAEDE2 /* View Models */ = {
			isa = PBXGroup;
			children = (
				92E285BE1DD8BFF400B87D0B /* RequestTableViewCell.swift */,
			);
			name = "View Models";
			sourceTree = "<group>";
		};
		92E285C21DD8C6B000B87D0B /* Models */ = {
			isa = PBXGroup;
			children = (
				92E285C01DD8C67300B87D0B /* Request.swift */,
				92E285C61DD8FBB600B87D0B /* SampleRequests.swift */,
				92E285C41DD8EAA000B87D0B /* User.swift */,
			);
			name = Models;
			sourceTree = "<group>";
		};
		92E285C31DD8C6CE00B87D0B /* View Controllers */ = {
			isa = PBXGroup;
			children = (
				929D6D691DE3899E007A285F /* RequestFormViewController.swift */,
				061635171DD38B4F00EBC29E /* ViewController.swift */,
				92E285BC1DD8BFA500B87D0B /* RequestTableViewController.swift */,
			);
			name = "View Controllers";
			sourceTree = "<group>";
		};
		B9DD8A8891539CB54CC8587F /* Pods */ = {
			isa = PBXGroup;
			children = (
				AD093912B97E76D5F903C8B9 /* Pods-Reimburse Final Project.debug.xcconfig */,
				A9081F70CACE0C9AD0667FE7 /* Pods-Reimburse Final Project.release.xcconfig */,
				FEC3C72AEA3A375863B8B56B /* Pods-Reimburse Final ProjectTests.debug.xcconfig */,
				59EAE49F870E965C2112AE5F /* Pods-Reimburse Final ProjectTests.release.xcconfig */,
				427EB2DE086961A9B05FB12E /* Pods-Reimburse Final ProjectUITests.debug.xcconfig */,
				A2DCE8AB1FCBEC90F31FDD48 /* Pods-Reimburse Final ProjectUITests.release.xcconfig */,
			);
			name = Pods;
			sourceTree = "<group>";
		};
/* End PBXGroup section */

/* Begin PBXNativeTarget section */
		061635111DD38B4F00EBC29E /* Reimburse Final Project */ = {
			isa = PBXNativeTarget;
			buildConfigurationList = 0616353A1DD38B5000EBC29E /* Build configuration list for PBXNativeTarget "Reimburse Final Project" */;
			buildPhases = (
				84DF301044695DC2E250C9A1 /* [CP] Check Pods Manifest.lock */,
				0616350E1DD38B4F00EBC29E /* Sources */,
				0616350F1DD38B4F00EBC29E /* Frameworks */,
				061635101DD38B4F00EBC29E /* Resources */,
				C100EB5D0883A167D13F7A77 /* [CP] Embed Pods Frameworks */,
				F2EF9BDB5D37E174BBBB93F0 /* [CP] Copy Pods Resources */,
			);
			buildRules = (
			);
			dependencies = (
			);
			name = "Reimburse Final Project";
			productName = "Reimburse Final Poject";
			productReference = 061635121DD38B4F00EBC29E /* Reimburse Final Project.app */;
			productType = "com.apple.product-type.application";
		};
		061635251DD38B4F00EBC29E /* Reimburse Final ProjectTests */ = {
			isa = PBXNativeTarget;
			buildConfigurationList = 0616353D1DD38B5000EBC29E /* Build configuration list for PBXNativeTarget "Reimburse Final ProjectTests" */;
			buildPhases = (
				42A0521C4A566AA28B90EC46 /* [CP] Check Pods Manifest.lock */,
				061635221DD38B4F00EBC29E /* Sources */,
				061635231DD38B4F00EBC29E /* Frameworks */,
				061635241DD38B4F00EBC29E /* Resources */,
				77611B2733D3BC17E27B2B16 /* [CP] Embed Pods Frameworks */,
				F70AFD5ED4AAAA7A6CAE115A /* [CP] Copy Pods Resources */,
			);
			buildRules = (
			);
			dependencies = (
				061635281DD38B4F00EBC29E /* PBXTargetDependency */,
			);
			name = "Reimburse Final ProjectTests";
			productName = "Reimburse Final PojectTests";
			productReference = 061635261DD38B4F00EBC29E /* Reimburse Final ProjectTests.xctest */;
			productType = "com.apple.product-type.bundle.unit-test";
		};
		061635301DD38B5000EBC29E /* Reimburse Final ProjectUITests */ = {
			isa = PBXNativeTarget;
			buildConfigurationList = 061635401DD38B5000EBC29E /* Build configuration list for PBXNativeTarget "Reimburse Final ProjectUITests" */;
			buildPhases = (
				8EFB56FB89AE0DEABB1FC2F6 /* [CP] Check Pods Manifest.lock */,
				0616352D1DD38B5000EBC29E /* Sources */,
				0616352E1DD38B5000EBC29E /* Frameworks */,
				0616352F1DD38B5000EBC29E /* Resources */,
				A75C0A19E7586E028B199A7F /* [CP] Embed Pods Frameworks */,
				0E66E8D969EA9BD03122DDE2 /* [CP] Copy Pods Resources */,
			);
			buildRules = (
			);
			dependencies = (
				061635331DD38B5000EBC29E /* PBXTargetDependency */,
			);
			name = "Reimburse Final ProjectUITests";
			productName = "Reimburse Final PojectUITests";
			productReference = 061635311DD38B5000EBC29E /* Reimburse Final ProjectUITests.xctest */;
			productType = "com.apple.product-type.bundle.ui-testing";
		};
/* End PBXNativeTarget section */

/* Begin PBXProject section */
		0616350A1DD38B4F00EBC29E /* Project object */ = {
			isa = PBXProject;
			attributes = {
				LastSwiftUpdateCheck = 0720;
				LastUpgradeCheck = 0810;
				ORGANIZATIONNAME = "";
				TargetAttributes = {
					061635111DD38B4F00EBC29E = {
						CreatedOnToolsVersion = 7.2;
						LastSwiftMigration = 0810;
					};
					061635251DD38B4F00EBC29E = {
						CreatedOnToolsVersion = 7.2;
						LastSwiftMigration = 0810;
						TestTargetID = 061635111DD38B4F00EBC29E;
					};
					061635301DD38B5000EBC29E = {
						CreatedOnToolsVersion = 7.2;
						LastSwiftMigration = 0810;
						TestTargetID = 061635111DD38B4F00EBC29E;
					};
				};
			};
			buildConfigurationList = 0616350D1DD38B4F00EBC29E /* Build configuration list for PBXProject "Reimburse Final Project" */;
			compatibilityVersion = "Xcode 6.3";
			developmentRegion = English;
			hasScannedForEncodings = 0;
			knownRegions = (
				en,
				Base,
			);
			mainGroup = 061635091DD38B4F00EBC29E;
			productRefGroup = 061635131DD38B4F00EBC29E /* Products */;
			projectDirPath = "";
			projectRoot = "";
			targets = (
				061635111DD38B4F00EBC29E /* Reimburse Final Project */,
				061635251DD38B4F00EBC29E /* Reimburse Final ProjectTests */,
				061635301DD38B5000EBC29E /* Reimburse Final ProjectUITests */,
			);
		};
/* End PBXProject section */

/* Begin PBXResourcesBuildPhase section */
		061635101DD38B4F00EBC29E /* Resources */ = {
			isa = PBXResourcesBuildPhase;
			buildActionMask = 2147483647;
			files = (
				061635201DD38B4F00EBC29E /* LaunchScreen.storyboard in Resources */,
				061635441DD38D4B00EBC29E /* 28888697320_1f517f3ee9_k.jpg in Resources */,
				061635491DD396A400EBC29E /* title.jpg in Resources */,
				92EB4C3A1DF46ECB00F0BA29 /* Main.storyboard in Resources */,
				0616351D1DD38B4F00EBC29E /* Assets.xcassets in Resources */,
				061635471DD393F800EBC29E /* divider.png in Resources */,
			);
			runOnlyForDeploymentPostprocessing = 0;
		};
		061635241DD38B4F00EBC29E /* Resources */ = {
			isa = PBXResourcesBuildPhase;
			buildActionMask = 2147483647;
			files = (
			);
			runOnlyForDeploymentPostprocessing = 0;
		};
		0616352F1DD38B5000EBC29E /* Resources */ = {
			isa = PBXResourcesBuildPhase;
			buildActionMask = 2147483647;
			files = (
			);
			runOnlyForDeploymentPostprocessing = 0;
		};
/* End PBXResourcesBuildPhase section */

/* Begin PBXShellScriptBuildPhase section */
		0E66E8D969EA9BD03122DDE2 /* [CP] Copy Pods Resources */ = {
			isa = PBXShellScriptBuildPhase;
			buildActionMask = 2147483647;
			files = (
			);
			inputPaths = (
			);
			name = "[CP] Copy Pods Resources";
			outputPaths = (
			);
			runOnlyForDeploymentPostprocessing = 0;
			shellPath = /bin/sh;
			shellScript = "\"${SRCROOT}/Pods/Target Support Files/Pods-Reimburse Final ProjectUITests/Pods-Reimburse Final ProjectUITests-resources.sh\"\n";
			showEnvVarsInLog = 0;
		};
		42A0521C4A566AA28B90EC46 /* [CP] Check Pods Manifest.lock */ = {
			isa = PBXShellScriptBuildPhase;
			buildActionMask = 2147483647;
			files = (
			);
			inputPaths = (
			);
			name = "[CP] Check Pods Manifest.lock";
			outputPaths = (
			);
			runOnlyForDeploymentPostprocessing = 0;
			shellPath = /bin/sh;
			shellScript = "diff \"${PODS_ROOT}/../Podfile.lock\" \"${PODS_ROOT}/Manifest.lock\" > /dev/null\nif [ $? != 0 ] ; then\n    # print error to STDERR\n    echo \"error: The sandbox is not in sync with the Podfile.lock. Run 'pod install' or update your CocoaPods installation.\" >&2\n    exit 1\nfi\n";
			showEnvVarsInLog = 0;
		};
		77611B2733D3BC17E27B2B16 /* [CP] Embed Pods Frameworks */ = {
			isa = PBXShellScriptBuildPhase;
			buildActionMask = 2147483647;
			files = (
			);
			inputPaths = (
			);
			name = "[CP] Embed Pods Frameworks";
			outputPaths = (
			);
			runOnlyForDeploymentPostprocessing = 0;
			shellPath = /bin/sh;
			shellScript = "\"${SRCROOT}/Pods/Target Support Files/Pods-Reimburse Final ProjectTests/Pods-Reimburse Final ProjectTests-frameworks.sh\"\n";
			showEnvVarsInLog = 0;
		};
		84DF301044695DC2E250C9A1 /* [CP] Check Pods Manifest.lock */ = {
			isa = PBXShellScriptBuildPhase;
			buildActionMask = 2147483647;
			files = (
			);
			inputPaths = (
			);
			name = "[CP] Check Pods Manifest.lock";
			outputPaths = (
			);
			runOnlyForDeploymentPostprocessing = 0;
			shellPath = /bin/sh;
			shellScript = "diff \"${PODS_ROOT}/../Podfile.lock\" \"${PODS_ROOT}/Manifest.lock\" > /dev/null\nif [ $? != 0 ] ; then\n    # print error to STDERR\n    echo \"error: The sandbox is not in sync with the Podfile.lock. Run 'pod install' or update your CocoaPods installation.\" >&2\n    exit 1\nfi\n";
			showEnvVarsInLog = 0;
		};
		8EFB56FB89AE0DEABB1FC2F6 /* [CP] Check Pods Manifest.lock */ = {
			isa = PBXShellScriptBuildPhase;
			buildActionMask = 2147483647;
			files = (
			);
			inputPaths = (
			);
			name = "[CP] Check Pods Manifest.lock";
			outputPaths = (
			);
			runOnlyForDeploymentPostprocessing = 0;
			shellPath = /bin/sh;
			shellScript = "diff \"${PODS_ROOT}/../Podfile.lock\" \"${PODS_ROOT}/Manifest.lock\" > /dev/null\nif [ $? != 0 ] ; then\n    # print error to STDERR\n    echo \"error: The sandbox is not in sync with the Podfile.lock. Run 'pod install' or update your CocoaPods installation.\" >&2\n    exit 1\nfi\n";
			showEnvVarsInLog = 0;
		};
		A75C0A19E7586E028B199A7F /* [CP] Embed Pods Frameworks */ = {
			isa = PBXShellScriptBuildPhase;
			buildActionMask = 2147483647;
			files = (
			);
			inputPaths = (
			);
			name = "[CP] Embed Pods Frameworks";
			outputPaths = (
			);
			runOnlyForDeploymentPostprocessing = 0;
			shellPath = /bin/sh;
			shellScript = "\"${SRCROOT}/Pods/Target Support Files/Pods-Reimburse Final ProjectUITests/Pods-Reimburse Final ProjectUITests-frameworks.sh\"\n";
			showEnvVarsInLog = 0;
		};
		C100EB5D0883A167D13F7A77 /* [CP] Embed Pods Frameworks */ = {
			isa = PBXShellScriptBuildPhase;
			buildActionMask = 2147483647;
			files = (
			);
			inputPaths = (
			);
			name = "[CP] Embed Pods Frameworks";
			outputPaths = (
			);
			runOnlyForDeploymentPostprocessing = 0;
			shellPath = /bin/sh;
			shellScript = "\"${SRCROOT}/Pods/Target Support Files/Pods-Reimburse Final Project/Pods-Reimburse Final Project-frameworks.sh\"\n";
			showEnvVarsInLog = 0;
		};
		F2EF9BDB5D37E174BBBB93F0 /* [CP] Copy Pods Resources */ = {
			isa = PBXShellScriptBuildPhase;
			buildActionMask = 2147483647;
			files = (
			);
			inputPaths = (
			);
			name = "[CP] Copy Pods Resources";
			outputPaths = (
			);
			runOnlyForDeploymentPostprocessing = 0;
			shellPath = /bin/sh;
			shellScript = "\"${SRCROOT}/Pods/Target Support Files/Pods-Reimburse Final Project/Pods-Reimburse Final Project-resources.sh\"\n";
			showEnvVarsInLog = 0;
		};
		F70AFD5ED4AAAA7A6CAE115A /* [CP] Copy Pods Resources */ = {
			isa = PBXShellScriptBuildPhase;
			buildActionMask = 2147483647;
			files = (
			);
			inputPaths = (
			);
			name = "[CP] Copy Pods Resources";
			outputPaths = (
			);
			runOnlyForDeploymentPostprocessing = 0;
			shellPath = /bin/sh;
			shellScript = "\"${SRCROOT}/Pods/Target Support Files/Pods-Reimburse Final ProjectTests/Pods-Reimburse Final ProjectTests-resources.sh\"\n";
			showEnvVarsInLog = 0;
		};
/* End PBXShellScriptBuildPhase section */

/* Begin PBXSourcesBuildPhase section */
		0616350E1DD38B4F00EBC29E /* Sources */ = {
			isa = PBXSourcesBuildPhase;
			buildActionMask = 2147483647;
			files = (
				92E285BD1DD8BFA500B87D0B /* RequestTableViewController.swift in Sources */,
				92E285BF1DD8BFF400B87D0B /* RequestTableViewCell.swift in Sources */,
				92E285C51DD8EAA000B87D0B /* User.swift in Sources */,
				92E285C11DD8C67300B87D0B /* Request.swift in Sources */,
				061635181DD38B4F00EBC29E /* ViewController.swift in Sources */,
				061635161DD38B4F00EBC29E /* AppDelegate.swift in Sources */,
				929D6D6A1DE3899E007A285F /* RequestFormViewController.swift in Sources */,
				92E285C71DD8FBB600B87D0B /* SampleRequests.swift in Sources */,
			);
			runOnlyForDeploymentPostprocessing = 0;
		};
		061635221DD38B4F00EBC29E /* Sources */ = {
			isa = PBXSourcesBuildPhase;
			buildActionMask = 2147483647;
			files = (
				0616352B1DD38B5000EBC29E /* Reimburse_Final_ProjectTests.swift in Sources */,
			);
			runOnlyForDeploymentPostprocessing = 0;
		};
		0616352D1DD38B5000EBC29E /* Sources */ = {
			isa = PBXSourcesBuildPhase;
			buildActionMask = 2147483647;
			files = (
				061635361DD38B5000EBC29E /* Reimburse_Final_ProjectUITests.swift in Sources */,
			);
			runOnlyForDeploymentPostprocessing = 0;
		};
/* End PBXSourcesBuildPhase section */

/* Begin PBXTargetDependency section */
		061635281DD38B4F00EBC29E /* PBXTargetDependency */ = {
			isa = PBXTargetDependency;
			target = 061635111DD38B4F00EBC29E /* Reimburse Final Project */;
			targetProxy = 061635271DD38B4F00EBC29E /* PBXContainerItemProxy */;
		};
		061635331DD38B5000EBC29E /* PBXTargetDependency */ = {
			isa = PBXTargetDependency;
			target = 061635111DD38B4F00EBC29E /* Reimburse Final Project */;
			targetProxy = 061635321DD38B5000EBC29E /* PBXContainerItemProxy */;
		};
/* End PBXTargetDependency section */

/* Begin PBXVariantGroup section */
		0616351E1DD38B4F00EBC29E /* LaunchScreen.storyboard */ = {
			isa = PBXVariantGroup;
			children = (
				0616351F1DD38B4F00EBC29E /* Base */,
			);
			name = LaunchScreen.storyboard;
			sourceTree = "<group>";
		};
/* End PBXVariantGroup section */

/* Begin XCBuildConfiguration section */
		061635381DD38B5000EBC29E /* Debug */ = {
			isa = XCBuildConfiguration;
			buildSettings = {
				ALWAYS_SEARCH_USER_PATHS = NO;
				CLANG_CXX_LANGUAGE_STANDARD = "gnu++0x";
				CLANG_CXX_LIBRARY = "libc++";
				CLANG_ENABLE_MODULES = YES;
				CLANG_ENABLE_OBJC_ARC = YES;
				CLANG_WARN_BOOL_CONVERSION = YES;
				CLANG_WARN_CONSTANT_CONVERSION = YES;
				CLANG_WARN_DIRECT_OBJC_ISA_USAGE = YES_ERROR;
				CLANG_WARN_EMPTY_BODY = YES;
				CLANG_WARN_ENUM_CONVERSION = YES;
				CLANG_WARN_INFINITE_RECURSION = YES;
				CLANG_WARN_INT_CONVERSION = YES;
				CLANG_WARN_OBJC_ROOT_CLASS = YES_ERROR;
				CLANG_WARN_SUSPICIOUS_MOVE = YES;
				CLANG_WARN_UNREACHABLE_CODE = YES;
				CLANG_WARN__DUPLICATE_METHOD_MATCH = YES;
				"CODE_SIGN_IDENTITY[sdk=iphoneos*]" = "iPhone Developer";
				COPY_PHASE_STRIP = NO;
				DEBUG_INFORMATION_FORMAT = dwarf;
				ENABLE_STRICT_OBJC_MSGSEND = YES;
				ENABLE_TESTABILITY = YES;
				GCC_C_LANGUAGE_STANDARD = gnu99;
				GCC_DYNAMIC_NO_PIC = NO;
				GCC_NO_COMMON_BLOCKS = YES;
				GCC_OPTIMIZATION_LEVEL = 0;
				GCC_PREPROCESSOR_DEFINITIONS = (
					"DEBUG=1",
					"$(inherited)",
				);
				GCC_WARN_64_TO_32_BIT_CONVERSION = YES;
				GCC_WARN_ABOUT_RETURN_TYPE = YES_ERROR;
				GCC_WARN_UNDECLARED_SELECTOR = YES;
				GCC_WARN_UNINITIALIZED_AUTOS = YES_AGGRESSIVE;
				GCC_WARN_UNUSED_FUNCTION = YES;
				GCC_WARN_UNUSED_VARIABLE = YES;
				IPHONEOS_DEPLOYMENT_TARGET = 9.2;
				MTL_ENABLE_DEBUG_INFO = YES;
				ONLY_ACTIVE_ARCH = YES;
				SDKROOT = iphoneos;
				SWIFT_OPTIMIZATION_LEVEL = "-Onone";
				TARGETED_DEVICE_FAMILY = "1,2";
			};
			name = Debug;
		};
		061635391DD38B5000EBC29E /* Release */ = {
			isa = XCBuildConfiguration;
			buildSettings = {
				ALWAYS_SEARCH_USER_PATHS = NO;
				CLANG_CXX_LANGUAGE_STANDARD = "gnu++0x";
				CLANG_CXX_LIBRARY = "libc++";
				CLANG_ENABLE_MODULES = YES;
				CLANG_ENABLE_OBJC_ARC = YES;
				CLANG_WARN_BOOL_CONVERSION = YES;
				CLANG_WARN_CONSTANT_CONVERSION = YES;
				CLANG_WARN_DIRECT_OBJC_ISA_USAGE = YES_ERROR;
				CLANG_WARN_EMPTY_BODY = YES;
				CLANG_WARN_ENUM_CONVERSION = YES;
				CLANG_WARN_INFINITE_RECURSION = YES;
				CLANG_WARN_INT_CONVERSION = YES;
				CLANG_WARN_OBJC_ROOT_CLASS = YES_ERROR;
				CLANG_WARN_SUSPICIOUS_MOVE = YES;
				CLANG_WARN_UNREACHABLE_CODE = YES;
				CLANG_WARN__DUPLICATE_METHOD_MATCH = YES;
				"CODE_SIGN_IDENTITY[sdk=iphoneos*]" = "iPhone Developer";
				COPY_PHASE_STRIP = NO;
				DEBUG_INFORMATION_FORMAT = "dwarf-with-dsym";
				ENABLE_NS_ASSERTIONS = NO;
				ENABLE_STRICT_OBJC_MSGSEND = YES;
				GCC_C_LANGUAGE_STANDARD = gnu99;
				GCC_NO_COMMON_BLOCKS = YES;
				GCC_WARN_64_TO_32_BIT_CONVERSION = YES;
				GCC_WARN_ABOUT_RETURN_TYPE = YES_ERROR;
				GCC_WARN_UNDECLARED_SELECTOR = YES;
				GCC_WARN_UNINITIALIZED_AUTOS = YES_AGGRESSIVE;
				GCC_WARN_UNUSED_FUNCTION = YES;
				GCC_WARN_UNUSED_VARIABLE = YES;
				IPHONEOS_DEPLOYMENT_TARGET = 9.2;
				MTL_ENABLE_DEBUG_INFO = NO;
				SDKROOT = iphoneos;
				SWIFT_OPTIMIZATION_LEVEL = "-Owholemodule";
				TARGETED_DEVICE_FAMILY = "1,2";
				VALIDATE_PRODUCT = YES;
			};
			name = Release;
		};
		0616353B1DD38B5000EBC29E /* Debug */ = {
			isa = XCBuildConfiguration;
			baseConfigurationReference = AD093912B97E76D5F903C8B9 /* Pods-Reimburse Final Project.debug.xcconfig */;
			buildSettings = {
				ALWAYS_EMBED_SWIFT_STANDARD_LIBRARIES = YES;
				ASSETCATALOG_COMPILER_APPICON_NAME = AppIcon;
				INFOPLIST_FILE = "$(SRCROOT)/Reimburse Final Poject/Info.plist";
				LD_RUNPATH_SEARCH_PATHS = "$(inherited) @executable_path/Frameworks";
				PRODUCT_BUNDLE_IDENTIFIER = "sinas.Reimburse-Final-Poject";
				PRODUCT_NAME = "$(TARGET_NAME)";
				SWIFT_VERSION = 3.0.1;
			};
			name = Debug;
		};
		0616353C1DD38B5000EBC29E /* Release */ = {
			isa = XCBuildConfiguration;
			baseConfigurationReference = A9081F70CACE0C9AD0667FE7 /* Pods-Reimburse Final Project.release.xcconfig */;
			buildSettings = {
				ALWAYS_EMBED_SWIFT_STANDARD_LIBRARIES = YES;
				ASSETCATALOG_COMPILER_APPICON_NAME = AppIcon;
				INFOPLIST_FILE = "$(SRCROOT)/Reimburse Final Poject/Info.plist";
				LD_RUNPATH_SEARCH_PATHS = "$(inherited) @executable_path/Frameworks";
				PRODUCT_BUNDLE_IDENTIFIER = "sinas.Reimburse-Final-Poject";
				PRODUCT_NAME = "$(TARGET_NAME)";
				SWIFT_VERSION = 3.0.1;
			};
			name = Release;
		};
		0616353E1DD38B5000EBC29E /* Debug */ = {
			isa = XCBuildConfiguration;
			baseConfigurationReference = FEC3C72AEA3A375863B8B56B /* Pods-Reimburse Final ProjectTests.debug.xcconfig */;
			buildSettings = {
				BUNDLE_LOADER = "$(TEST_HOST)";
				INFOPLIST_FILE = "Reimburse Final ProjectTests/Info.plist";
				LD_RUNPATH_SEARCH_PATHS = "$(inherited) @executable_path/Frameworks @loader_path/Frameworks";
				PRODUCT_BUNDLE_IDENTIFIER = "sinas.Reimburse-Final-PojectTests";
				PRODUCT_NAME = "$(TARGET_NAME)";
				SWIFT_VERSION = 3.0;
				TEST_HOST = "$(BUILT_PRODUCTS_DIR)/Reimburse Final Project.app/Reimburse Final Project";
			};
			name = Debug;
		};
		0616353F1DD38B5000EBC29E /* Release */ = {
			isa = XCBuildConfiguration;
			baseConfigurationReference = 59EAE49F870E965C2112AE5F /* Pods-Reimburse Final ProjectTests.release.xcconfig */;
			buildSettings = {
				BUNDLE_LOADER = "$(TEST_HOST)";
				INFOPLIST_FILE = "Reimburse Final ProjectTests/Info.plist";
				LD_RUNPATH_SEARCH_PATHS = "$(inherited) @executable_path/Frameworks @loader_path/Frameworks";
				PRODUCT_BUNDLE_IDENTIFIER = "sinas.Reimburse-Final-PojectTests";
				PRODUCT_NAME = "$(TARGET_NAME)";
				SWIFT_VERSION = 3.0;
				TEST_HOST = "$(BUILT_PRODUCTS_DIR)/Reimburse Final Project.app/Reimburse Final Project";
			};
			name = Release;
		};
		061635411DD38B5000EBC29E /* Debug */ = {
			isa = XCBuildConfiguration;
			baseConfigurationReference = 427EB2DE086961A9B05FB12E /* Pods-Reimburse Final ProjectUITests.debug.xcconfig */;
			buildSettings = {
				INFOPLIST_FILE = "Reimburse Final ProjectUITests/Info.plist";
				LD_RUNPATH_SEARCH_PATHS = "$(inherited) @executable_path/Frameworks @loader_path/Frameworks";
				PRODUCT_BUNDLE_IDENTIFIER = "sinas.Reimburse-Final-PojectUITests";
				PRODUCT_NAME = "$(TARGET_NAME)";
				SWIFT_VERSION = 3.0;
				TEST_TARGET_NAME = "Reimburse Final Poject";
				USES_XCTRUNNER = YES;
			};
			name = Debug;
		};
		061635421DD38B5000EBC29E /* Release */ = {
			isa = XCBuildConfiguration;
			baseConfigurationReference = A2DCE8AB1FCBEC90F31FDD48 /* Pods-Reimburse Final ProjectUITests.release.xcconfig */;
			buildSettings = {
				INFOPLIST_FILE = "Reimburse Final ProjectUITests/Info.plist";
				LD_RUNPATH_SEARCH_PATHS = "$(inherited) @executable_path/Frameworks @loader_path/Frameworks";
				PRODUCT_BUNDLE_IDENTIFIER = "sinas.Reimburse-Final-PojectUITests";
				PRODUCT_NAME = "$(TARGET_NAME)";
				SWIFT_VERSION = 3.0;
				TEST_TARGET_NAME = "Reimburse Final Poject";
				USES_XCTRUNNER = YES;
			};
			name = Release;
		};
/* End XCBuildConfiguration section */

/* Begin XCConfigurationList section */
		0616350D1DD38B4F00EBC29E /* Build configuration list for PBXProject "Reimburse Final Project" */ = {
			isa = XCConfigurationList;
			buildConfigurations = (
				061635381DD38B5000EBC29E /* Debug */,
				061635391DD38B5000EBC29E /* Release */,
			);
			defaultConfigurationIsVisible = 0;
			defaultConfigurationName = Release;
		};
		0616353A1DD38B5000EBC29E /* Build configuration list for PBXNativeTarget "Reimburse Final Project" */ = {
			isa = XCConfigurationList;
			buildConfigurations = (
				0616353B1DD38B5000EBC29E /* Debug */,
				0616353C1DD38B5000EBC29E /* Release */,
			);
			defaultConfigurationIsVisible = 0;
			defaultConfigurationName = Release;
		};
		0616353D1DD38B5000EBC29E /* Build configuration list for PBXNativeTarget "Reimburse Final ProjectTests" */ = {
			isa = XCConfigurationList;
			buildConfigurations = (
				0616353E1DD38B5000EBC29E /* Debug */,
				0616353F1DD38B5000EBC29E /* Release */,
			);
			defaultConfigurationIsVisible = 0;
			defaultConfigurationName = Release;
		};
		061635401DD38B5000EBC29E /* Build configuration list for PBXNativeTarget "Reimburse Final ProjectUITests" */ = {
			isa = XCConfigurationList;
			buildConfigurations = (
				061635411DD38B5000EBC29E /* Debug */,
				061635421DD38B5000EBC29E /* Release */,
			);
			defaultConfigurationIsVisible = 0;
			defaultConfigurationName = Release;
		};
/* End XCConfigurationList section */
	};
	rootObject = 0616350A1DD38B4F00EBC29E /* Project object */;
}
